// !$*UTF8*$!
{
	archiveVersion = 1;
	classes = {
	};
	objectVersion = 50;
	objects = {

/* Begin PBXBuildFile section */
		EA1ACB40233B84C9009B26B7 /* AppDelegate.swift in Sources */ = {isa = PBXBuildFile; fileRef = EA1ACB3F233B84C9009B26B7 /* AppDelegate.swift */; };
		EA1ACB42233B84C9009B26B7 /* ViewController.swift in Sources */ = {isa = PBXBuildFile; fileRef = EA1ACB41233B84C9009B26B7 /* ViewController.swift */; };
		EA1ACB45233B84C9009B26B7 /* Main.storyboard in Resources */ = {isa = PBXBuildFile; fileRef = EA1ACB43233B84C9009B26B7 /* Main.storyboard */; };
		EA1ACB47233B84CB009B26B7 /* Assets.xcassets in Resources */ = {isa = PBXBuildFile; fileRef = EA1ACB46233B84CB009B26B7 /* Assets.xcassets */; };
		EA1ACB4A233B84CB009B26B7 /* LaunchScreen.storyboard in Resources */ = {isa = PBXBuildFile; fileRef = EA1ACB48233B84CB009B26B7 /* LaunchScreen.storyboard */; };
/* End PBXBuildFile section */

/* Begin PBXFileReference section */
		EA1ACB3C233B84C9009B26B7 /* CustomizeNavigationBarBug.app */ = {isa = PBXFileReference; explicitFileType = wrapper.application; includeInIndex = 0; path = CustomizeNavigationBarBug.app; sourceTree = BUILT_PRODUCTS_DIR; };
		EA1ACB3F233B84C9009B26B7 /* AppDelegate.swift */ = {isa = PBXFileReference; lastKnownFileType = sourcecode.swift; path = AppDelegate.swift; sourceTree = "<group>"; };
		EA1ACB41233B84C9009B26B7 /* ViewController.swift */ = {isa = PBXFileReference; lastKnownFileType = sourcecode.swift; path = ViewController.swift; sourceTree = "<group>"; };
		EA1ACB44233B84C9009B26B7 /* Base */ = {isa = PBXFileReference; lastKnownFileType = file.storyboard; name = Base; path = Base.lproj/Main.storyboard; sourceTree = "<group>"; };
		EA1ACB46233B84CB009B26B7 /* Assets.xcassets */ = {isa = PBXFileReference; lastKnownFileType = folder.assetcatalog; path = Assets.xcassets; sourceTree = "<group>"; };
		EA1ACB49233B84CB009B26B7 /* Base */ = {isa = PBXFileReference; lastKnownFileType = file.storyboard; name = Base; path = Base.lproj/LaunchScreen.storyboard; sourceTree = "<group>"; };
		EA1ACB4B233B84CB009B26B7 /* Info.plist */ = {isa = PBXFileReference; lastKnownFileType = text.plist.xml; path = Info.plist; sourceTree = "<group>"; };
/* End PBXFileReference section */

/* Begin PBXFrameworksBuildPhase section */
		EA1ACB39233B84C9009B26B7 /* Frameworks */ = {
			isa = PBXFrameworksBuildPhase;
			buildActionMask = 2147483647;
			files = (
			);
			runOnlyForDeploymentPostprocessing = 0;
		};
/* End PBXFrameworksBuildPhase section */

/* Begin PBXGroup section */
		EA1ACB33233B84C9009B26B7 = {
			isa = PBXGroup;
			children = (
				EA1ACB3E233B84C9009B26B7 /* CustomizeNavigationBarBug */,
				EA1ACB3D233B84C9009B26B7 /* Products */,
			);
			sourceTree = "<group>";
		};
		EA1ACB3D233B84C9009B26B7 /* Products */ = {
			isa = PBXGroup;
			children = (
				EA1ACB3C233B84C9009B26B7 /* CustomizeNavigationBarBug.app */,
			);
			name = Products;
			sourceTree = "<group>";
		};
		EA1ACB3E233B84C9009B26B7 /* CustomizeNavigationBarBug */ = {
			isa = PBXGroup;
			children = (
				EA1ACB41233B84C9009B26B7 /* ViewController.swift */,
				EA1ACB43233B84C9009B26B7 /* Main.storyboard */,
				EA1ACB3F233B84C9009B26B7 /* AppDelegate.swift */,
				EA1ACB51233B85A5009B26B7 /* Supporting Files */,
			);
			path = CustomizeNavigationBarBug;
			sourceTree = "<group>";
		};
		EA1ACB51233B85A5009B26B7 /* Supporting Files */ = {
			isa = PBXGroup;
			children = (
				EA1ACB46233B84CB009B26B7 /* Assets.xcassets */,
				EA1ACB48233B84CB009B26B7 /* LaunchScreen.storyboard */,
				EA1ACB4B233B84CB009B26B7 /* Info.plist */,
			);
			path = "Supporting Files";
			sourceTree = "<group>";
		};
/* End PBXGroup section */

/* Begin PBXNativeTarget section */
		EA1ACB3B233B84C9009B26B7 /* CustomizeNavigationBarBug */ = {
			isa = PBXNativeTarget;
			buildConfigurationList = EA1ACB4E233B84CB009B26B7 /* Build configuration list for PBXNativeTarget "CustomizeNavigationBarBug" */;
			buildPhases = (
				EA1ACB38233B84C9009B26B7 /* Sources */,
				EA1ACB39233B84C9009B26B7 /* Frameworks */,
				EA1ACB3A233B84C9009B26B7 /* Resources */,
			);
			buildRules = (
			);
			dependencies = (
			);
			name = CustomizeNavigationBarBug;
			productName = CustomizeNavigationBarBug;
			productReference = EA1ACB3C233B84C9009B26B7 /* CustomizeNavigationBarBug.app */;
			productType = "com.apple.product-type.application";
		};
/* End PBXNativeTarget section */

/* Begin PBXProject section */
		EA1ACB34233B84C9009B26B7 /* Project object */ = {
			isa = PBXProject;
			attributes = {
				LastSwiftUpdateCheck = 1100;
				LastUpgradeCheck = 1100;
				ORGANIZATIONNAME = tm;
				TargetAttributes = {
					EA1ACB3B233B84C9009B26B7 = {
						CreatedOnToolsVersion = 11.0;
					};
				};
			};
			buildConfigurationList = EA1ACB37233B84C9009B26B7 /* Build configuration list for PBXProject "CustomizeNavigationBarBug" */;
			compatibilityVersion = "Xcode 9.3";
			developmentRegion = en;
			hasScannedForEncodings = 0;
			knownRegions = (
				en,
				Base,
			);
			mainGroup = EA1ACB33233B84C9009B26B7;
			productRefGroup = EA1ACB3D233B84C9009B26B7 /* Products */;
			projectDirPath = "";
			projectRoot = "";
			targets = (
				EA1ACB3B233B84C9009B26B7 /* CustomizeNavigationBarBug */,
			);
		};
/* End PBXProject section */

/* Begin PBXResourcesBuildPhase section */
		EA1ACB3A233B84C9009B26B7 /* Resources */ = {
			isa = PBXResourcesBuildPhase;
			buildActionMask = 2147483647;
			files = (
				EA1ACB4A233B84CB009B26B7 /* LaunchScreen.storyboard in Resources */,
				EA1ACB47233B84CB009B26B7 /* Assets.xcassets in Resources */,
				EA1ACB45233B84C9009B26B7 /* Main.storyboard in Resources */,
			);
			runOnlyForDeploymentPostprocessing = 0;
		};
/* End PBXResourcesBuildPhase section */

/* Begin PBXSourcesBuildPhase section */
		EA1ACB38233B84C9009B26B7 /* Sources */ = {
			isa = PBXSourcesBuildPhase;
			buildActionMask = 2147483647;
			files = (
				EA1ACB42233B84C9009B26B7 /* ViewController.swift in Sources */,
				EA1ACB40233B84C9009B26B7 /* AppDelegate.swift in Sources */,
			);
			runOnlyForDeploymentPostprocessing = 0;
		};
/* End PBXSourcesBuildPhase section */

/* Begin PBXVariantGroup section */
		EA1ACB43233B84C9009B26B7 /* Main.storyboard */ = {
			isa = PBXVariantGroup;
			children = (
				EA1ACB44233B84C9009B26B7 /* Base */,
			);
			name = Main.storyboard;
			sourceTree = "<group>";
		};
		EA1ACB48233B84CB009B26B7 /* LaunchScreen.storyboard */ = {
			isa = PBXVariantGroup;
			children = (
				EA1ACB49233B84CB009B26B7 /* Base */,
			);
			name = LaunchScreen.storyboard;
			sourceTree = "<group>";
		};
/* End PBXVariantGroup section */

/* Begin XCBuildConfiguration section */
		EA1ACB4C233B84CB009B26B7 /* Debug */ = {
			isa = XCBuildConfiguration;
			buildSettings = {
				ALWAYS_SEARCH_USER_PATHS = NO;
				CLANG_ANALYZER_NONNULL = YES;
				CLANG_ANALYZER_NUMBER_OBJECT_CONVERSION = YES_AGGRESSIVE;
				CLANG_CXX_LANGUAGE_STANDARD = "gnu++14";
				CLANG_CXX_LIBRARY = "libc++";
				CLANG_ENABLE_MODULES = YES;
				CLANG_ENABLE_OBJC_ARC = YES;
				CLANG_ENABLE_OBJC_WEAK = YES;
				CLANG_WARN_BLOCK_CAPTURE_AUTORELEASING = YES;
				CLANG_WARN_BOOL_CONVERSION = YES;
				CLANG_WARN_COMMA = YES;
				CLANG_WARN_CONSTANT_CONVERSION = YES;
				CLANG_WARN_DEPRECATED_OBJC_IMPLEMENTATIONS = YES;
				CLANG_WARN_DIRECT_OBJC_ISA_USAGE = YES_ERROR;
				CLANG_WARN_DOCUMENTATION_COMMENTS = YES;
				CLANG_WARN_EMPTY_BODY = YES;
				CLANG_WARN_ENUM_CONVERSION = YES;
				CLANG_WARN_INFINITE_RECURSION = YES;
				CLANG_WARN_INT_CONVERSION = YES;
				CLANG_WARN_NON_LITERAL_NULL_CONVERSION = YES;
				CLANG_WARN_OBJC_IMPLICIT_RETAIN_SELF = YES;
				CLANG_WARN_OBJC_LITERAL_CONVERSION = YES;
				CLANG_WARN_OBJC_ROOT_CLASS = YES_ERROR;
				CLANG_WARN_RANGE_LOOP_ANALYSIS = YES;
				CLANG_WARN_STRICT_PROTOTYPES = YES;
				CLANG_WARN_SUSPICIOUS_MOVE = YES;
				CLANG_WARN_UNGUARDED_AVAILABILITY = YES_AGGRESSIVE;
				CLANG_WARN_UNREACHABLE_CODE = YES;
				CLANG_WARN__DUPLICATE_METHOD_MATCH = YES;
				COPY_PHASE_STRIP = NO;
				DEBUG_INFORMATION_FORMAT = dwarf;
				ENABLE_STRICT_OBJC_MSGSEND = YES;
				ENABLE_TESTABILITY = YES;
				GCC_C_LANGUAGE_STANDARD = gnu11;
				GCC_DYNAMIC_NO_PIC = NO;
				GCC_NO_COMMON_BLOCKS = YES;
				GCC_OPTIMIZATION_LEVEL = 0;
				GCC_PREPROCESSOR_DEFINITIONS = (
					"DEBUG=1",
					"$(inherited)",
				);
				GCC_WARN_64_TO_32_BIT_CONVERSION = YES;
				GCC_WARN_ABOUT_RETURN_TYPE = YES_ERROR;
				GCC_WARN_UNDECLARED_SELECTOR = YES;
				GCC_WARN_UNINITIALIZED_AUTOS = YES_AGGRESSIVE;
				GCC_WARN_UNUSED_FUNCTION = YES;
				GCC_WARN_UNUSED_VARIABLE = YES;
				MTL_ENABLE_DEBUG_INFO = INCLUDE_SOURCE;
				MTL_FAST_MATH = YES;
				ONLY_ACTIVE_ARCH = YES;
				SDKROOT = appletvos;
				SWIFT_ACTIVE_COMPILATION_CONDITIONS = DEBUG;
				SWIFT_OPTIMIZATION_LEVEL = "-Onone";
				TVOS_DEPLOYMENT_TARGET = 13.0;
			};
			name = Debug;
		};
		EA1ACB4D233B84CB009B26B7 /* Release */ = {
			isa = XCBuildConfiguration;
			buildSettings = {
				ALWAYS_SEARCH_USER_PATHS = NO;
				CLANG_ANALYZER_NONNULL = YES;
				CLANG_ANALYZER_NUMBER_OBJECT_CONVERSION = YES_AGGRESSIVE;
				CLANG_CXX_LANGUAGE_STANDARD = "gnu++14";
				CLANG_CXX_LIBRARY = "libc++";
				CLANG_ENABLE_MODULES = YES;
				CLANG_ENABLE_OBJC_ARC = YES;
				CLANG_ENABLE_OBJC_WEAK = YES;
				CLANG_WARN_BLOCK_CAPTURE_AUTORELEASING = YES;
				CLANG_WARN_BOOL_CONVERSION = YES;
				CLANG_WARN_COMMA = YES;
				CLANG_WARN_CONSTANT_CONVERSION = YES;
				CLANG_WARN_DEPRECATED_OBJC_IMPLEMENTATIONS = YES;
				CLANG_WARN_DIRECT_OBJC_ISA_USAGE = YES_ERROR;
				CLANG_WARN_DOCUMENTATION_COMMENTS = YES;
				CLANG_WARN_EMPTY_BODY = YES;
				CLANG_WARN_ENUM_CONVERSION = YES;
				CLANG_WARN_INFINITE_RECURSION = YES;
				CLANG_WARN_INT_CONVERSION = YES;
				CLANG_WARN_NON_LITERAL_NULL_CONVERSION = YES;
				CLANG_WARN_OBJC_IMPLICIT_RETAIN_SELF = YES;
				CLANG_WARN_OBJC_LITERAL_CONVERSION = YES;
				CLANG_WARN_OBJC_ROOT_CLASS = YES_ERROR;
				CLANG_WARN_RANGE_LOOP_ANALYSIS = YES;
				CLANG_WARN_STRICT_PROTOTYPES = YES;
				CLANG_WARN_SUSPICIOUS_MOVE = YES;
				CLANG_WARN_UNGUARDED_AVAILABILITY = YES_AGGRESSIVE;
				CLANG_WARN_UNREACHABLE_CODE = YES;
				CLANG_WARN__DUPLICATE_METHOD_MATCH = YES;
				COPY_PHASE_STRIP = NO;
				DEBUG_INFORMATION_FORMAT = "dwarf-with-dsym";
				ENABLE_NS_ASSERTIONS = NO;
				ENABLE_STRICT_OBJC_MSGSEND = YES;
				GCC_C_LANGUAGE_STANDARD = gnu11;
				GCC_NO_COMMON_BLOCKS = YES;
				GCC_WARN_64_TO_32_BIT_CONVERSION = YES;
				GCC_WARN_ABOUT_RETURN_TYPE = YES_ERROR;
				GCC_WARN_UNDECLARED_SELECTOR = YES;
				GCC_WARN_UNINITIALIZED_AUTOS = YES_AGGRESSIVE;
				GCC_WARN_UNUSED_FUNCTION = YES;
				GCC_WARN_UNUSED_VARIABLE = YES;
				MTL_ENABLE_DEBUG_INFO = NO;
				MTL_FAST_MATH = YES;
				SDKROOT = appletvos;
				SWIFT_COMPILATION_MODE = wholemodule;
				SWIFT_OPTIMIZATION_LEVEL = "-O";
				TVOS_DEPLOYMENT_TARGET = 13.0;
				VALIDATE_PRODUCT = YES;
			};
			name = Release;
		};
		EA1ACB4F233B84CB009B26B7 /* Debug */ = {
			isa = XCBuildConfiguration;
			buildSettings = {
				ASSETCATALOG_COMPILER_APPICON_NAME = "App Icon & Top Shelf Image";
				CODE_SIGN_STYLE = Automatic;
				INFOPLIST_FILE = "CustomizeNavigationBarBug/Supporting Files/Info.plist";
				LD_RUNPATH_SEARCH_PATHS = (
					"$(inherited)",
					"@executable_path/Frameworks",
				);
				PRODUCT_BUNDLE_IDENTIFIER = com.tm.CustomizeNavigationBarBug;
				PRODUCT_NAME = "$(TARGET_NAME)";
				SWIFT_VERSION = 5.0;
				TARGETED_DEVICE_FAMILY = 3;
			};
			name = Debug;
		};
		EA1ACB50233B84CB009B26B7 /* Release */ = {
			isa = XCBuildConfiguration;
			buildSettings = {
				ASSETCATALOG_COMPILER_APPICON_NAME = "App Icon & Top Shelf Image";
				CODE_SIGN_STYLE = Automatic;
				INFOPLIST_FILE = "CustomizeNavigationBarBug/Supporting Files/Info.plist";
				LD_RUNPATH_SEARCH_PATHS = (
					"$(inherited)",
					"@executable_path/Frameworks",
				);
				PRODUCT_BUNDLE_IDENTIFIER = com.tm.CustomizeNavigationBarBug;
				PRODUCT_NAME = "$(TARGET_NAME)";
				SWIFT_VERSION = 5.0;
				TARGETED_DEVICE_FAMILY = 3;
			};
			name = Release;
		};
/* End XCBuildConfiguration section */

/* Begin XCConfigurationList section */
		EA1ACB37233B84C9009B26B7 /* Build configuration list for PBXProject "CustomizeNavigationBarBug" */ = {
			isa = XCConfigurationList;
			buildConfigurations = (
				EA1ACB4C233B84CB009B26B7 /* Debug */,
				EA1ACB4D233B84CB009B26B7 /* Release */,
			);
			defaultConfigurationIsVisible = 0;
			defaultConfigurationName = Release;
		};
		EA1ACB4E233B84CB009B26B7 /* Build configuration list for PBXNativeTarget "CustomizeNavigationBarBug" */ = {
			isa = XCConfigurationList;
			buildConfigurations = (
				EA1ACB4F233B84CB009B26B7 /* Debug */,
				EA1ACB50233B84CB009B26B7 /* Release */,
			);
			defaultConfigurationIsVisible = 0;
			defaultConfigurationName = Release;
		};
/* End XCConfigurationList section */
	};
	rootObject = EA1ACB34233B84C9009B26B7 /* Project object */;
}
